
Microsoft Visual Studio Solution File, Format Version 12.00
# Visual Studio Version 17
VisualStudioVersion = 17.4.33205.214
MinimumVisualStudioVersion = 10.0.40219.1
Project("{9A19103F-16F7-4668-BE54-9A1E7A4F7556}") = "vanhack", "vanhack\vanhack.csproj", "{C6CDD0A2-D4EF-4810-B5A4-302899779353}"
EndProject
Project("{FAE04EC0-301F-11D3-BF4B-00C04F79EFBC}") = "vanhackTests", "vanhackTests\vanhackTests.csproj", "{9AF28A7D-6754-4A5C-BC4A-D23849729226}"
EndProject
Global
	GlobalSection(SolutionConfigurationPlatforms) = preSolution
		Debug|Any CPU = Debug|Any CPU
		Release|Any CPU = Release|Any CPU
	EndGlobalSection
	GlobalSection(ProjectConfigurationPlatforms) = postSolution
		{C6CDD0A2-D4EF-4810-B5A4-302899779353}.Debug|Any CPU.ActiveCfg = Debug|Any CPU
		{C6CDD0A2-D4EF-4810-B5A4-302899779353}.Debug|Any CPU.Build.0 = Debug|Any CPU
		{C6CDD0A2-D4EF-4810-B5A4-302899779353}.Release|Any CPU.ActiveCfg = Release|Any CPU
		{C6CDD0A2-D4EF-4810-B5A4-302899779353}.Release|Any CPU.Build.0 = Release|Any CPU
		{9AF28A7D-6754-4A5C-BC4A-D23849729226}.Debug|Any CPU.ActiveCfg = Debug|Any CPU
		{9AF28A7D-6754-4A5C-BC4A-D23849729226}.Debug|Any CPU.Build.0 = Debug|Any CPU
		{9AF28A7D-6754-4A5C-BC4A-D23849729226}.Release|Any CPU.ActiveCfg = Release|Any CPU
		{9AF28A7D-6754-4A5C-BC4A-D23849729226}.Release|Any CPU.Build.0 = Release|Any CPU
	EndGlobalSection
	GlobalSection(SolutionProperties) = preSolution
		HideSolutionNode = FALSE
	EndGlobalSection
	GlobalSection(ExtensibilityGlobals) = postSolution
		SolutionGuid = {A0C00BBE-89C2-4983-A10C-3DB51DDCC6C1}
	EndGlobalSection
EndGlobal
